{
    "_readme": [
        "This file locks the dependencies of your project to a known state",
        "Read more about it at https://getcomposer.org/doc/01-basic-usage.md#composer-lock-the-lock-file",
        "This file is @generated automatically"
    ],
    "hash": "35d18f43730e1049b4a2e0a2fc5e4378",
    "content-hash": "42e24c1bcf95be2614f5672d8932a481",
    "packages": [
        {
            "name": "dompdf/dompdf",
            "version": "v0.6.2",
            "source": {
                "type": "git",
                "url": "https://github.com/dompdf/dompdf.git",
                "reference": "cc06008f75262510ee135b8cbb14e333a309f651"
            },
            "dist": {
                "type": "zip",
                "url": "https://api.github.com/repos/dompdf/dompdf/zipball/cc06008f75262510ee135b8cbb14e333a309f651",
                "reference": "cc06008f75262510ee135b8cbb14e333a309f651",
                "shasum": ""
            },
            "require": {
                "phenx/php-font-lib": "0.2.*"
            },
            "type": "library",
            "autoload": {
                "classmap": [
                    "include/"
                ]
            },
            "notification-url": "https://packagist.org/downloads/",
            "license": [
                "LGPL"
            ],
            "authors": [
                {
                    "name": "Fabien Ménager",
                    "email": "fabien.menager@gmail.com"
                },
                {
                    "name": "Brian Sweeney",
                    "email": "eclecticgeek@gmail.com"
                }
            ],
            "description": "DOMPDF is a CSS 2.1 compliant HTML to PDF converter",
            "homepage": "https://github.com/dompdf/dompdf",
            "time": "2015-12-07 04:07:13"
        },
        {
            "name": "phenx/php-font-lib",
            "version": "0.2.2",
            "source": {
                "type": "git",
                "url": "https://github.com/PhenX/php-font-lib.git",
                "reference": "c30c7fc00a6b0d863e9bb4c5d5dd015298b2dc82"
            },
            "dist": {
                "type": "zip",
                "url": "https://api.github.com/repos/PhenX/php-font-lib/zipball/c30c7fc00a6b0d863e9bb4c5d5dd015298b2dc82",
                "reference": "c30c7fc00a6b0d863e9bb4c5d5dd015298b2dc82",
                "shasum": ""
            },
            "type": "library",
            "autoload": {
                "classmap": [
                    "classes/"
                ]
            },
            "notification-url": "https://packagist.org/downloads/",
            "license": [
                "LGPL"
            ],
            "authors": [
                {
                    "name": "Fabien Ménager",
                    "email": "fabien.menager@gmail.com"
                }
            ],
            "description": "A library to read, parse, export and make subsets of different types of font files.",
            "homepage": "https://github.com/PhenX/php-font-lib",
            "time": "2014-02-01 15:22:28"
        }
    ],
    "packages-dev": [],
    "aliases": [],
    "minimum-stability": "stable",
    "stability-flags": [],
    "prefer-stable": false,
    "prefer-lowest": false,
    "platform": [],
    "platform-dev": []
}
